{
  "requires": true,
  "lockfileVersion": 1,
  "dependencies": {
    "primeicons": {
      "version": "1.0.0-beta.10",
      "resolved": "https://registry.npmjs.org/primeicons/-/primeicons-1.0.0-beta.10.tgz",
      "integrity": "sha512-kSXJdNWNYC4PmJInzYQDCPHjw8j7obmoxWaUVxV+RRmEKcOCmZabnDwihj7SQz38IRe1VNlLJlY/5As13C9TuA=="
    }
  }
}
